// !$*UTF8*$!
{
	archiveVersion = 1;
	classes = {
	};
	objectVersion = 48;
	objects = {

/* Begin PBXBuildFile section */
		B2F1DACB1815A08EEEE23D04 /* Pods_smack.framework in Frameworks */ = {isa = PBXBuildFile; fileRef = 4590EE92CA82F2DCCBA1F201 /* Pods_smack.framework */; };
		FA3335FC20103E3D00543FA3 /* SWRevealViewController.m in Sources */ = {isa = PBXBuildFile; fileRef = FA3335FA20103E3C00543FA3 /* SWRevealViewController.m */; };
		FA415D7A2016F8AA000861A4 /* GradientView.swift in Sources */ = {isa = PBXBuildFile; fileRef = FA415D792016F8AA000861A4 /* GradientView.swift */; };
		FA4216E2200F243B002001E7 /* AppDelegate.swift in Sources */ = {isa = PBXBuildFile; fileRef = FA4216E1200F243B002001E7 /* AppDelegate.swift */; };
		FA4216E7200F243B002001E7 /* Main.storyboard in Resources */ = {isa = PBXBuildFile; fileRef = FA4216E5200F243B002001E7 /* Main.storyboard */; };
		FA4216E9200F243B002001E7 /* Assets.xcassets in Resources */ = {isa = PBXBuildFile; fileRef = FA4216E8200F243B002001E7 /* Assets.xcassets */; };
		FA4216EC200F243B002001E7 /* LaunchScreen.storyboard in Resources */ = {isa = PBXBuildFile; fileRef = FA4216EA200F243B002001E7 /* LaunchScreen.storyboard */; };
		FA596BB12011AF3300D6CA33 /* ChannelVC.swift in Sources */ = {isa = PBXBuildFile; fileRef = FA596BB02011AF3300D6CA33 /* ChannelVC.swift */; };
		FA596BB32011AF3F00D6CA33 /* ChatVC.swift in Sources */ = {isa = PBXBuildFile; fileRef = FA596BB22011AF3F00D6CA33 /* ChatVC.swift */; };
		FA5E2D5B202D5014007D5F9E /* AvatarPickerVC.swift in Sources */ = {isa = PBXBuildFile; fileRef = FA5E2D5A202D5014007D5F9E /* AvatarPickerVC.swift */; };
		FA5E2D5D202D5134007D5F9E /* AvatarCell.swift in Sources */ = {isa = PBXBuildFile; fileRef = FA5E2D5C202D5134007D5F9E /* AvatarCell.swift */; };
		FA5E2D5F202D78EE007D5F9E /* CircleImage.swift in Sources */ = {isa = PBXBuildFile; fileRef = FA5E2D5E202D78EE007D5F9E /* CircleImage.swift */; };
		FA5E2D62202D7A4C007D5F9E /* UITextField+PlaceholderColor.swift in Sources */ = {isa = PBXBuildFile; fileRef = FA5E2D61202D7A4C007D5F9E /* UITextField+PlaceholderColor.swift */; };
		FA5E2D64202D840B007D5F9E /* Helper.swift in Sources */ = {isa = PBXBuildFile; fileRef = FA5E2D63202D840B007D5F9E /* Helper.swift */; };
		FA5E2D66202D855B007D5F9E /* UIColor+rgba.swift in Sources */ = {isa = PBXBuildFile; fileRef = FA5E2D65202D855B007D5F9E /* UIColor+rgba.swift */; };
		FA68D7EC20232B8800B76F7B /* AuthService.swift in Sources */ = {isa = PBXBuildFile; fileRef = FA68D7EB20232B8800B76F7B /* AuthService.swift */; };
		FA832843201860D400C87675 /* Constant.swift in Sources */ = {isa = PBXBuildFile; fileRef = FA832842201860D400C87675 /* Constant.swift */; };
		FA98D432202809A50067DA47 /* UserDataService.swift in Sources */ = {isa = PBXBuildFile; fileRef = FA98D431202809A50067DA47 /* UserDataService.swift */; };
		FAC6C34020186B6800E40341 /* LoginVC.swift in Sources */ = {isa = PBXBuildFile; fileRef = FAC6C33F20186B6800E40341 /* LoginVC.swift */; };
		FAC6C34220186F9E00E40341 /* RoundCornerButton.swift in Sources */ = {isa = PBXBuildFile; fileRef = FAC6C34120186F9E00E40341 /* RoundCornerButton.swift */; };
		FAC6C34420187B3500E40341 /* CreateAccountVC.swift in Sources */ = {isa = PBXBuildFile; fileRef = FAC6C34320187B3500E40341 /* CreateAccountVC.swift */; };
/* End PBXBuildFile section */

/* Begin PBXFileReference section */
		4590EE92CA82F2DCCBA1F201 /* Pods_smack.framework */ = {isa = PBXFileReference; explicitFileType = wrapper.framework; includeInIndex = 0; path = Pods_smack.framework; sourceTree = BUILT_PRODUCTS_DIR; };
		C5CCB9045F8F1B6AF8111795 /* Pods-smack.debug.xcconfig */ = {isa = PBXFileReference; includeInIndex = 1; lastKnownFileType = text.xcconfig; name = "Pods-smack.debug.xcconfig"; path = "Pods/Target Support Files/Pods-smack/Pods-smack.debug.xcconfig"; sourceTree = "<group>"; };
		EF256435D205BE78BDBC3B48 /* Pods-smack.release.xcconfig */ = {isa = PBXFileReference; includeInIndex = 1; lastKnownFileType = text.xcconfig; name = "Pods-smack.release.xcconfig"; path = "Pods/Target Support Files/Pods-smack/Pods-smack.release.xcconfig"; sourceTree = "<group>"; };
		FA3335F920103E3C00543FA3 /* smack-Bridging-Header.h */ = {isa = PBXFileReference; lastKnownFileType = sourcecode.c.h; path = "smack-Bridging-Header.h"; sourceTree = "<group>"; };
		FA3335FA20103E3C00543FA3 /* SWRevealViewController.m */ = {isa = PBXFileReference; fileEncoding = 4; lastKnownFileType = sourcecode.c.objc; path = SWRevealViewController.m; sourceTree = "<group>"; };
		FA3335FB20103E3D00543FA3 /* SWRevealViewController.h */ = {isa = PBXFileReference; fileEncoding = 4; lastKnownFileType = sourcecode.c.h; path = SWRevealViewController.h; sourceTree = "<group>"; };
		FA415D792016F8AA000861A4 /* GradientView.swift */ = {isa = PBXFileReference; lastKnownFileType = sourcecode.swift; path = GradientView.swift; sourceTree = "<group>"; };
		FA4216DE200F243B002001E7 /* smack.app */ = {isa = PBXFileReference; explicitFileType = wrapper.application; includeInIndex = 0; path = smack.app; sourceTree = BUILT_PRODUCTS_DIR; };
		FA4216E1200F243B002001E7 /* AppDelegate.swift */ = {isa = PBXFileReference; lastKnownFileType = sourcecode.swift; path = AppDelegate.swift; sourceTree = "<group>"; };
		FA4216E6200F243B002001E7 /* Base */ = {isa = PBXFileReference; lastKnownFileType = file.storyboard; name = Base; path = Base.lproj/Main.storyboard; sourceTree = "<group>"; };
		FA4216E8200F243B002001E7 /* Assets.xcassets */ = {isa = PBXFileReference; lastKnownFileType = folder.assetcatalog; path = Assets.xcassets; sourceTree = "<group>"; };
		FA4216EB200F243B002001E7 /* Base */ = {isa = PBXFileReference; lastKnownFileType = file.storyboard; name = Base; path = Base.lproj/LaunchScreen.storyboard; sourceTree = "<group>"; };
		FA4216ED200F243B002001E7 /* Info.plist */ = {isa = PBXFileReference; lastKnownFileType = text.plist.xml; path = Info.plist; sourceTree = "<group>"; };
		FA596BB02011AF3300D6CA33 /* ChannelVC.swift */ = {isa = PBXFileReference; lastKnownFileType = sourcecode.swift; path = ChannelVC.swift; sourceTree = "<group>"; };
		FA596BB22011AF3F00D6CA33 /* ChatVC.swift */ = {isa = PBXFileReference; lastKnownFileType = sourcecode.swift; path = ChatVC.swift; sourceTree = "<group>"; };
		FA5E2D5A202D5014007D5F9E /* AvatarPickerVC.swift */ = {isa = PBXFileReference; lastKnownFileType = sourcecode.swift; path = AvatarPickerVC.swift; sourceTree = "<group>"; };
		FA5E2D5C202D5134007D5F9E /* AvatarCell.swift */ = {isa = PBXFileReference; lastKnownFileType = sourcecode.swift; path = AvatarCell.swift; sourceTree = "<group>"; };
		FA5E2D5E202D78EE007D5F9E /* CircleImage.swift */ = {isa = PBXFileReference; lastKnownFileType = sourcecode.swift; path = CircleImage.swift; sourceTree = "<group>"; };
		FA5E2D61202D7A4C007D5F9E /* UITextField+PlaceholderColor.swift */ = {isa = PBXFileReference; lastKnownFileType = sourcecode.swift; path = "UITextField+PlaceholderColor.swift"; sourceTree = "<group>"; };
		FA5E2D63202D840B007D5F9E /* Helper.swift */ = {isa = PBXFileReference; lastKnownFileType = sourcecode.swift; path = Helper.swift; sourceTree = "<group>"; };
		FA5E2D65202D855B007D5F9E /* UIColor+rgba.swift */ = {isa = PBXFileReference; lastKnownFileType = sourcecode.swift; path = "UIColor+rgba.swift"; sourceTree = "<group>"; };
		FA68D7EB20232B8800B76F7B /* AuthService.swift */ = {isa = PBXFileReference; lastKnownFileType = sourcecode.swift; path = AuthService.swift; sourceTree = "<group>"; };
		FA832842201860D400C87675 /* Constant.swift */ = {isa = PBXFileReference; lastKnownFileType = sourcecode.swift; path = Constant.swift; sourceTree = "<group>"; };
		FA98D431202809A50067DA47 /* UserDataService.swift */ = {isa = PBXFileReference; lastKnownFileType = sourcecode.swift; path = UserDataService.swift; sourceTree = "<group>"; };
		FAC6C33F20186B6800E40341 /* LoginVC.swift */ = {isa = PBXFileReference; lastKnownFileType = sourcecode.swift; path = LoginVC.swift; sourceTree = "<group>"; };
		FAC6C34120186F9E00E40341 /* RoundCornerButton.swift */ = {isa = PBXFileReference; lastKnownFileType = sourcecode.swift; path = RoundCornerButton.swift; sourceTree = "<group>"; };
		FAC6C34320187B3500E40341 /* CreateAccountVC.swift */ = {isa = PBXFileReference; lastKnownFileType = sourcecode.swift; path = CreateAccountVC.swift; sourceTree = "<group>"; };
/* End PBXFileReference section */

/* Begin PBXFrameworksBuildPhase section */
		FA4216DB200F243B002001E7 /* Frameworks */ = {
			isa = PBXFrameworksBuildPhase;
			buildActionMask = 2147483647;
			files = (
				B2F1DACB1815A08EEEE23D04 /* Pods_smack.framework in Frameworks */,
			);
			runOnlyForDeploymentPostprocessing = 0;
		};
/* End PBXFrameworksBuildPhase section */

/* Begin PBXGroup section */
		157667E8ABD952F914395ADA /* Frameworks */ = {
			isa = PBXGroup;
			children = (
				4590EE92CA82F2DCCBA1F201 /* Pods_smack.framework */,
			);
			name = Frameworks;
			sourceTree = "<group>";
		};
		2889DB8B109B44D2ACBA5019 /* Pods */ = {
			isa = PBXGroup;
			children = (
				C5CCB9045F8F1B6AF8111795 /* Pods-smack.debug.xcconfig */,
				EF256435D205BE78BDBC3B48 /* Pods-smack.release.xcconfig */,
			);
			name = Pods;
			sourceTree = "<group>";
		};
		FA3335F820103E1200543FA3 /* SupportingFiles */ = {
			isa = PBXGroup;
			children = (
				FA3335FB20103E3D00543FA3 /* SWRevealViewController.h */,
				FA3335FA20103E3C00543FA3 /* SWRevealViewController.m */,
				FA3335F920103E3C00543FA3 /* smack-Bridging-Header.h */,
			);
			path = SupportingFiles;
			sourceTree = "<group>";
		};
		FA415D772016F886000861A4 /* View */ = {
			isa = PBXGroup;
			children = (
				FA415D792016F8AA000861A4 /* GradientView.swift */,
				FAC6C34120186F9E00E40341 /* RoundCornerButton.swift */,
				FA5E2D5C202D5134007D5F9E /* AvatarCell.swift */,
				FA5E2D5E202D78EE007D5F9E /* CircleImage.swift */,
			);
			path = View;
			sourceTree = "<group>";
		};
		FA415D782016F89D000861A4 /* Model */ = {
			isa = PBXGroup;
			children = (
			);
			path = Model;
			sourceTree = "<group>";
		};
		FA4216D5200F243B002001E7 = {
			isa = PBXGroup;
			children = (
				FA4216E0200F243B002001E7 /* smack */,
				FA4216DF200F243B002001E7 /* Products */,
				2889DB8B109B44D2ACBA5019 /* Pods */,
				157667E8ABD952F914395ADA /* Frameworks */,
			);
			sourceTree = "<group>";
		};
		FA4216DF200F243B002001E7 /* Products */ = {
			isa = PBXGroup;
			children = (
				FA4216DE200F243B002001E7 /* smack.app */,
			);
			name = Products;
			sourceTree = "<group>";
		};
		FA4216E0200F243B002001E7 /* smack */ = {
			isa = PBXGroup;
			children = (
				FA5E2D60202D79EF007D5F9E /* Extension */,
				FA68D7EA20232B7100B76F7B /* Services */,
				FA832841201860B400C87675 /* Utilities */,
				FA415D782016F89D000861A4 /* Model */,
				FA415D772016F886000861A4 /* View */,
				FA596BAF2011AF1700D6CA33 /* Controller */,
				FA3335F820103E1200543FA3 /* SupportingFiles */,
				FA4216E1200F243B002001E7 /* AppDelegate.swift */,
				FA4216E5200F243B002001E7 /* Main.storyboard */,
				FA4216E8200F243B002001E7 /* Assets.xcassets */,
				FA4216EA200F243B002001E7 /* LaunchScreen.storyboard */,
				FA4216ED200F243B002001E7 /* Info.plist */,
			);
			path = smack;
			sourceTree = "<group>";
		};
		FA596BAF2011AF1700D6CA33 /* Controller */ = {
			isa = PBXGroup;
			children = (
				FA596BB02011AF3300D6CA33 /* ChannelVC.swift */,
				FA596BB22011AF3F00D6CA33 /* ChatVC.swift */,
				FAC6C33F20186B6800E40341 /* LoginVC.swift */,
				FAC6C34320187B3500E40341 /* CreateAccountVC.swift */,
				FA5E2D5A202D5014007D5F9E /* AvatarPickerVC.swift */,
			);
			path = Controller;
			sourceTree = "<group>";
		};
		FA5E2D60202D79EF007D5F9E /* Extension */ = {
			isa = PBXGroup;
			children = (
				FA5E2D61202D7A4C007D5F9E /* UITextField+PlaceholderColor.swift */,
				FA5E2D65202D855B007D5F9E /* UIColor+rgba.swift */,
			);
			path = Extension;
			sourceTree = "<group>";
		};
		FA68D7EA20232B7100B76F7B /* Services */ = {
			isa = PBXGroup;
			children = (
				FA68D7EB20232B8800B76F7B /* AuthService.swift */,
				FA98D431202809A50067DA47 /* UserDataService.swift */,
			);
			path = Services;
			sourceTree = "<group>";
		};
		FA832841201860B400C87675 /* Utilities */ = {
			isa = PBXGroup;
			children = (
				FA832842201860D400C87675 /* Constant.swift */,
				FA5E2D63202D840B007D5F9E /* Helper.swift */,
			);
			path = Utilities;
			sourceTree = "<group>";
		};
/* End PBXGroup section */

/* Begin PBXNativeTarget section */
		FA4216DD200F243B002001E7 /* smack */ = {
			isa = PBXNativeTarget;
			buildConfigurationList = FA4216F0200F243B002001E7 /* Build configuration list for PBXNativeTarget "smack" */;
			buildPhases = (
				28F98C9FF9EB7AD59FD281A7 /* [CP] Check Pods Manifest.lock */,
				FA4216DA200F243B002001E7 /* Sources */,
				FA4216DB200F243B002001E7 /* Frameworks */,
				FA4216DC200F243B002001E7 /* Resources */,
				FF2BFA2D56B61C78F4319613 /* [CP] Embed Pods Frameworks */,
				15AA11185753ABF21C4ED33B /* [CP] Copy Pods Resources */,
			);
			buildRules = (
			);
			dependencies = (
			);
			name = smack;
			productName = smack;
			productReference = FA4216DE200F243B002001E7 /* smack.app */;
			productType = "com.apple.product-type.application";
		};
/* End PBXNativeTarget section */

/* Begin PBXProject section */
		FA4216D6200F243B002001E7 /* Project object */ = {
			isa = PBXProject;
			attributes = {
				LastSwiftUpdateCheck = 0920;
				LastUpgradeCheck = 0920;
				ORGANIZATIONNAME = "Duong Dang Hoang";
				TargetAttributes = {
					FA4216DD200F243B002001E7 = {
						CreatedOnToolsVersion = 9.2;
						LastSwiftMigration = 0920;
						ProvisioningStyle = Automatic;
					};
				};
			};
			buildConfigurationList = FA4216D9200F243B002001E7 /* Build configuration list for PBXProject "smack" */;
			compatibilityVersion = "Xcode 8.0";
			developmentRegion = en;
			hasScannedForEncodings = 0;
			knownRegions = (
				en,
				Base,
			);
			mainGroup = FA4216D5200F243B002001E7;
			productRefGroup = FA4216DF200F243B002001E7 /* Products */;
			projectDirPath = "";
			projectRoot = "";
			targets = (
				FA4216DD200F243B002001E7 /* smack */,
			);
		};
/* End PBXProject section */

/* Begin PBXResourcesBuildPhase section */
		FA4216DC200F243B002001E7 /* Resources */ = {
			isa = PBXResourcesBuildPhase;
			buildActionMask = 2147483647;
			files = (
				FA4216EC200F243B002001E7 /* LaunchScreen.storyboard in Resources */,
				FA4216E9200F243B002001E7 /* Assets.xcassets in Resources */,
				FA4216E7200F243B002001E7 /* Main.storyboard in Resources */,
			);
			runOnlyForDeploymentPostprocessing = 0;
		};
/* End PBXResourcesBuildPhase section */

/* Begin PBXShellScriptBuildPhase section */
		15AA11185753ABF21C4ED33B /* [CP] Copy Pods Resources */ = {
			isa = PBXShellScriptBuildPhase;
			buildActionMask = 2147483647;
			files = (
			);
			inputPaths = (
			);
			name = "[CP] Copy Pods Resources";
			outputPaths = (
			);
			runOnlyForDeploymentPostprocessing = 0;
			shellPath = /bin/sh;
			shellScript = "\"${SRCROOT}/Pods/Target Support Files/Pods-smack/Pods-smack-resources.sh\"\n";
			showEnvVarsInLog = 0;
		};
		28F98C9FF9EB7AD59FD281A7 /* [CP] Check Pods Manifest.lock */ = {
			isa = PBXShellScriptBuildPhase;
			buildActionMask = 2147483647;
			files = (
			);
			inputPaths = (
			);
			name = "[CP] Check Pods Manifest.lock";
			outputPaths = (
			);
			runOnlyForDeploymentPostprocessing = 0;
			shellPath = /bin/sh;
			shellScript = "diff \"${PODS_ROOT}/../Podfile.lock\" \"${PODS_ROOT}/Manifest.lock\" > /dev/null\nif [ $? != 0 ] ; then\n    # print error to STDERR\n    echo \"error: The sandbox is not in sync with the Podfile.lock. Run 'pod install' or update your CocoaPods installation.\" >&2\n    exit 1\nfi\n";
			showEnvVarsInLog = 0;
		};
		FF2BFA2D56B61C78F4319613 /* [CP] Embed Pods Frameworks */ = {
			isa = PBXShellScriptBuildPhase;
			buildActionMask = 2147483647;
			files = (
			);
			inputPaths = (
			);
			name = "[CP] Embed Pods Frameworks";
			outputPaths = (
			);
			runOnlyForDeploymentPostprocessing = 0;
			shellPath = /bin/sh;
			shellScript = "\"${SRCROOT}/Pods/Target Support Files/Pods-smack/Pods-smack-frameworks.sh\"\n";
			showEnvVarsInLog = 0;
		};
/* End PBXShellScriptBuildPhase section */

/* Begin PBXSourcesBuildPhase section */
		FA4216DA200F243B002001E7 /* Sources */ = {
			isa = PBXSourcesBuildPhase;
			buildActionMask = 2147483647;
			files = (
				FA596BB32011AF3F00D6CA33 /* ChatVC.swift in Sources */,
				FA5E2D5B202D5014007D5F9E /* AvatarPickerVC.swift in Sources */,
				FA4216E2200F243B002001E7 /* AppDelegate.swift in Sources */,
				FA5E2D5F202D78EE007D5F9E /* CircleImage.swift in Sources */,
				FAC6C34020186B6800E40341 /* LoginVC.swift in Sources */,
				FA415D7A2016F8AA000861A4 /* GradientView.swift in Sources */,
				FA596BB12011AF3300D6CA33 /* ChannelVC.swift in Sources */,
				FA5E2D64202D840B007D5F9E /* Helper.swift in Sources */,
				FAC6C34420187B3500E40341 /* CreateAccountVC.swift in Sources */,
				FA98D432202809A50067DA47 /* UserDataService.swift in Sources */,
				FA3335FC20103E3D00543FA3 /* SWRevealViewController.m in Sources */,
				FA5E2D5D202D5134007D5F9E /* AvatarCell.swift in Sources */,
				FA68D7EC20232B8800B76F7B /* AuthService.swift in Sources */,
				FA5E2D66202D855B007D5F9E /* UIColor+rgba.swift in Sources */,
				FA832843201860D400C87675 /* Constant.swift in Sources */,
				FA5E2D62202D7A4C007D5F9E /* UITextField+PlaceholderColor.swift in Sources */,
				FAC6C34220186F9E00E40341 /* RoundCornerButton.swift in Sources */,
			);
			runOnlyForDeploymentPostprocessing = 0;
		};
/* End PBXSourcesBuildPhase section */

/* Begin PBXVariantGroup section */
		FA4216E5200F243B002001E7 /* Main.storyboard */ = {
			isa = PBXVariantGroup;
			children = (
				FA4216E6200F243B002001E7 /* Base */,
			);
			name = Main.storyboard;
			sourceTree = "<group>";
		};
		FA4216EA200F243B002001E7 /* LaunchScreen.storyboard */ = {
			isa = PBXVariantGroup;
			children = (
				FA4216EB200F243B002001E7 /* Base */,
			);
			name = LaunchScreen.storyboard;
			sourceTree = "<group>";
		};
/* End PBXVariantGroup section */

/* Begin XCBuildConfiguration section */
		FA4216EE200F243B002001E7 /* Debug */ = {
			isa = XCBuildConfiguration;
			buildSettings = {
				ALWAYS_SEARCH_USER_PATHS = NO;
				CLANG_ANALYZER_NONNULL = YES;
				CLANG_ANALYZER_NUMBER_OBJECT_CONVERSION = YES_AGGRESSIVE;
				CLANG_CXX_LANGUAGE_STANDARD = "gnu++14";
				CLANG_CXX_LIBRARY = "libc++";
				CLANG_ENABLE_MODULES = YES;
				CLANG_ENABLE_OBJC_ARC = YES;
				CLANG_WARN_BLOCK_CAPTURE_AUTORELEASING = YES;
				CLANG_WARN_BOOL_CONVERSION = YES;
				CLANG_WARN_COMMA = YES;
				CLANG_WARN_CONSTANT_CONVERSION = YES;
				CLANG_WARN_DIRECT_OBJC_ISA_USAGE = YES_ERROR;
				CLANG_WARN_DOCUMENTATION_COMMENTS = YES;
				CLANG_WARN_EMPTY_BODY = YES;
				CLANG_WARN_ENUM_CONVERSION = YES;
				CLANG_WARN_INFINITE_RECURSION = YES;
				CLANG_WARN_INT_CONVERSION = YES;
				CLANG_WARN_NON_LITERAL_NULL_CONVERSION = YES;
				CLANG_WARN_OBJC_LITERAL_CONVERSION = YES;
				CLANG_WARN_OBJC_ROOT_CLASS = YES_ERROR;
				CLANG_WARN_RANGE_LOOP_ANALYSIS = YES;
				CLANG_WARN_STRICT_PROTOTYPES = YES;
				CLANG_WARN_SUSPICIOUS_MOVE = YES;
				CLANG_WARN_UNGUARDED_AVAILABILITY = YES_AGGRESSIVE;
				CLANG_WARN_UNREACHABLE_CODE = YES;
				CLANG_WARN__DUPLICATE_METHOD_MATCH = YES;
				CODE_SIGN_IDENTITY = "iPhone Developer";
				COPY_PHASE_STRIP = NO;
				DEBUG_INFORMATION_FORMAT = dwarf;
				ENABLE_STRICT_OBJC_MSGSEND = YES;
				ENABLE_TESTABILITY = YES;
				GCC_C_LANGUAGE_STANDARD = gnu11;
				GCC_DYNAMIC_NO_PIC = NO;
				GCC_NO_COMMON_BLOCKS = YES;
				GCC_OPTIMIZATION_LEVEL = 0;
				GCC_PREPROCESSOR_DEFINITIONS = (
					"DEBUG=1",
					"$(inherited)",
				);
				GCC_WARN_64_TO_32_BIT_CONVERSION = YES;
				GCC_WARN_ABOUT_RETURN_TYPE = YES_ERROR;
				GCC_WARN_UNDECLARED_SELECTOR = YES;
				GCC_WARN_UNINITIALIZED_AUTOS = YES_AGGRESSIVE;
				GCC_WARN_UNUSED_FUNCTION = YES;
				GCC_WARN_UNUSED_VARIABLE = YES;
				IPHONEOS_DEPLOYMENT_TARGET = 11.2;
				MTL_ENABLE_DEBUG_INFO = YES;
				ONLY_ACTIVE_ARCH = YES;
				SDKROOT = iphoneos;
				SWIFT_ACTIVE_COMPILATION_CONDITIONS = DEBUG;
				SWIFT_OPTIMIZATION_LEVEL = "-Onone";
			};
			name = Debug;
		};
		FA4216EF200F243B002001E7 /* Release */ = {
			isa = XCBuildConfiguration;
			buildSettings = {
				ALWAYS_SEARCH_USER_PATHS = NO;
				CLANG_ANALYZER_NONNULL = YES;
				CLANG_ANALYZER_NUMBER_OBJECT_CONVERSION = YES_AGGRESSIVE;
				CLANG_CXX_LANGUAGE_STANDARD = "gnu++14";
				CLANG_CXX_LIBRARY = "libc++";
				CLANG_ENABLE_MODULES = YES;
				CLANG_ENABLE_OBJC_ARC = YES;
				CLANG_WARN_BLOCK_CAPTURE_AUTORELEASING = YES;
				CLANG_WARN_BOOL_CONVERSION = YES;
				CLANG_WARN_COMMA = YES;
				CLANG_WARN_CONSTANT_CONVERSION = YES;
				CLANG_WARN_DIRECT_OBJC_ISA_USAGE = YES_ERROR;
				CLANG_WARN_DOCUMENTATION_COMMENTS = YES;
				CLANG_WARN_EMPTY_BODY = YES;
				CLANG_WARN_ENUM_CONVERSION = YES;
				CLANG_WARN_INFINITE_RECURSION = YES;
				CLANG_WARN_INT_CONVERSION = YES;
				CLANG_WARN_NON_LITERAL_NULL_CONVERSION = YES;
				CLANG_WARN_OBJC_LITERAL_CONVERSION = YES;
				CLANG_WARN_OBJC_ROOT_CLASS = YES_ERROR;
				CLANG_WARN_RANGE_LOOP_ANALYSIS = YES;
				CLANG_WARN_STRICT_PROTOTYPES = YES;
				CLANG_WARN_SUSPICIOUS_MOVE = YES;
				CLANG_WARN_UNGUARDED_AVAILABILITY = YES_AGGRESSIVE;
				CLANG_WARN_UNREACHABLE_CODE = YES;
				CLANG_WARN__DUPLICATE_METHOD_MATCH = YES;
				CODE_SIGN_IDENTITY = "iPhone Developer";
				COPY_PHASE_STRIP = NO;
				DEBUG_INFORMATION_FORMAT = "dwarf-with-dsym";
				ENABLE_NS_ASSERTIONS = NO;
				ENABLE_STRICT_OBJC_MSGSEND = YES;
				GCC_C_LANGUAGE_STANDARD = gnu11;
				GCC_NO_COMMON_BLOCKS = YES;
				GCC_WARN_64_TO_32_BIT_CONVERSION = YES;
				GCC_WARN_ABOUT_RETURN_TYPE = YES_ERROR;
				GCC_WARN_UNDECLARED_SELECTOR = YES;
				GCC_WARN_UNINITIALIZED_AUTOS = YES_AGGRESSIVE;
				GCC_WARN_UNUSED_FUNCTION = YES;
				GCC_WARN_UNUSED_VARIABLE = YES;
				IPHONEOS_DEPLOYMENT_TARGET = 11.2;
				MTL_ENABLE_DEBUG_INFO = NO;
				SDKROOT = iphoneos;
				SWIFT_OPTIMIZATION_LEVEL = "-Owholemodule";
				VALIDATE_PRODUCT = YES;
			};
			name = Release;
		};
		FA4216F1200F243B002001E7 /* Debug */ = {
			isa = XCBuildConfiguration;
			baseConfigurationReference = C5CCB9045F8F1B6AF8111795 /* Pods-smack.debug.xcconfig */;
			buildSettings = {
				ASSETCATALOG_COMPILER_APPICON_NAME = AppIcon;
				CLANG_ENABLE_MODULES = YES;
				CODE_SIGN_STYLE = Automatic;
				DEVELOPMENT_TEAM = 27EPP2V427;
				INFOPLIST_FILE = smack/Info.plist;
				LD_RUNPATH_SEARCH_PATHS = "$(inherited) @executable_path/Frameworks";
				PRODUCT_BUNDLE_IDENTIFIER = alex.smack;
				PRODUCT_NAME = "$(TARGET_NAME)";
				SWIFT_OBJC_BRIDGING_HEADER = "smack/SupportingFiles/smack-Bridging-Header.h";
				SWIFT_OPTIMIZATION_LEVEL = "-Onone";
				SWIFT_VERSION = 4.0;
				TARGETED_DEVICE_FAMILY = "1,2";
			};
			name = Debug;
		};
		FA4216F2200F243B002001E7 /* Release */ = {
			isa = XCBuildConfiguration;
			baseConfigurationReference = EF256435D205BE78BDBC3B48 /* Pods-smack.release.xcconfig */;
			buildSettings = {
				ASSETCATALOG_COMPILER_APPICON_NAME = AppIcon;
				CLANG_ENABLE_MODULES = YES;
				CODE_SIGN_STYLE = Automatic;
				DEVELOPMENT_TEAM = 27EPP2V427;
				INFOPLIST_FILE = smack/Info.plist;
				LD_RUNPATH_SEARCH_PATHS = "$(inherited) @executable_path/Frameworks";
				PRODUCT_BUNDLE_IDENTIFIER = alex.smack;
				PRODUCT_NAME = "$(TARGET_NAME)";
				SWIFT_OBJC_BRIDGING_HEADER = "smack/SupportingFiles/smack-Bridging-Header.h";
				SWIFT_VERSION = 4.0;
				TARGETED_DEVICE_FAMILY = "1,2";
			};
			name = Release;
		};
/* End XCBuildConfiguration section */

/* Begin XCConfigurationList section */
		FA4216D9200F243B002001E7 /* Build configuration list for PBXProject "smack" */ = {
			isa = XCConfigurationList;
			buildConfigurations = (
				FA4216EE200F243B002001E7 /* Debug */,
				FA4216EF200F243B002001E7 /* Release */,
			);
			defaultConfigurationIsVisible = 0;
			defaultConfigurationName = Release;
		};
		FA4216F0200F243B002001E7 /* Build configuration list for PBXNativeTarget "smack" */ = {
			isa = XCConfigurationList;
			buildConfigurations = (
				FA4216F1200F243B002001E7 /* Debug */,
				FA4216F2200F243B002001E7 /* Release */,
			);
			defaultConfigurationIsVisible = 0;
			defaultConfigurationName = Release;
		};
/* End XCConfigurationList section */
	};
	rootObject = FA4216D6200F243B002001E7 /* Project object */;
}
